
Microsoft Visual Studio Solution File, Format Version 12.00
# Visual Studio 15
VisualStudioVersion = 15.0.28307.271
MinimumVisualStudioVersion = 10.0.40219.1
Project("{FAE04EC0-301F-11D3-BF4B-00C04F79EFBC}") = "WebApplicationSample1", "WebApplicationSample1\WebApplicationSample1.csproj", "{B040C0E8-17A4-49C0-9CB4-B48E6552B8EE}"
EndProject
Global
	GlobalSection(SolutionConfigurationPlatforms) = preSolution
		Debug|Any CPU = Debug|Any CPU
		Release|Any CPU = Release|Any CPU
	EndGlobalSection
	GlobalSection(ProjectConfigurationPlatforms) = postSolution
		{B040C0E8-17A4-49C0-9CB4-B48E6552B8EE}.Debug|Any CPU.ActiveCfg = Debug|Any CPU
		{B040C0E8-17A4-49C0-9CB4-B48E6552B8EE}.Debug|Any CPU.Build.0 = Debug|Any CPU
		{B040C0E8-17A4-49C0-9CB4-B48E6552B8EE}.Release|Any CPU.ActiveCfg = Release|Any CPU
		{B040C0E8-17A4-49C0-9CB4-B48E6552B8EE}.Release|Any CPU.Build.0 = Release|Any CPU
	EndGlobalSection
	GlobalSection(SolutionProperties) = preSolution
		HideSolutionNode = FALSE
	EndGlobalSection
	GlobalSection(ExtensibilityGlobals) = postSolution
		SolutionGuid = {F5C01F92-AE0E-4A83-98C5-4E1A376C4391}
	EndGlobalSection
EndGlobal
